
Microsoft Visual Studio Solution File, Format Version 12.00
# Visual Studio Version 16
VisualStudioVersion = 16.0.31605.320
MinimumVisualStudioVersion = 10.0.40219.1
Project("{FAE04EC0-301F-11D3-BF4B-00C04F79EFBC}") = "organizerFitness", "organizerFitness.csproj", "{8F8B318C-CEA2-4573-8251-6A74EE0E4A55}"
EndProject
Global
	GlobalSection(SolutionConfigurationPlatforms) = preSolution
		Debug|Any CPU = Debug|Any CPU
		Release|Any CPU = Release|Any CPU
	EndGlobalSection
	GlobalSection(ProjectConfigurationPlatforms) = postSolution
		{8F8B318C-CEA2-4573-8251-6A74EE0E4A55}.Debug|Any CPU.ActiveCfg = Debug|Any CPU
		{8F8B318C-CEA2-4573-8251-6A74EE0E4A55}.Debug|Any CPU.Build.0 = Debug|Any CPU
		{8F8B318C-CEA2-4573-8251-6A74EE0E4A55}.Release|Any CPU.ActiveCfg = Release|Any CPU
		{8F8B318C-CEA2-4573-8251-6A74EE0E4A55}.Release|Any CPU.Build.0 = Release|Any CPU
	EndGlobalSection
	GlobalSection(SolutionProperties) = preSolution
		HideSolutionNode = FALSE
	EndGlobalSection
	GlobalSection(ExtensibilityGlobals) = postSolution
		SolutionGuid = {5895A58A-6066-4959-86A6-5EE1DF6FC498}
	EndGlobalSection
EndGlobal
